Microsoft Visual Studio Solution File, Format Version 12.00
# Visual Studio Version 17
VisualStudioVersion = 17.0.31903.59
MinimumVisualStudioVersion = 10.0.40219.1
Project("{2150E333-8FDC-42A3-9474-1A3956D46DE8}") = "project", "project", "{BF60BC93-E09B-4E5F-9D85-95A519479D54}"
	ProjectSection(SolutionItems) = preProject
		.editorconfig = .editorconfig
		.config\dotnet-tools.json = .config\dotnet-tools.json
		key.snk = key.snk
		LICENSE = LICENSE
		README.md = README.md
		RELEASE_NOTES.md = RELEASE_NOTES.md
	EndProjectSection
EndProject
Project("{2150E333-8FDC-42A3-9474-1A3956D46DE8}") = "git", "git", "{078A9C52-DDC1-46F4-9235-9E6C89C87AFD}"
	ProjectSection(SolutionItems) = preProject
		.gitattributes = .gitattributes
		.gitignore = .gitignore
	EndProjectSection
EndProject
Project("{2150E333-8FDC-42A3-9474-1A3956D46DE8}") = "build", "build", "{7C6D08E7-3EAC-4335-8F4B-252C193C27C9}"
	ProjectSection(SolutionItems) = preProject
		build.cmd = build.cmd
		build.sh = build.sh
		global.json = global.json
	EndProjectSection
EndProject
Project("{6EC3EE1D-3C4E-46DD-8F32-0CC8E7565705}") = "Plotly.NET", "src\Plotly.NET\Plotly.NET.fsproj", "{DFAC135B-36B8-4347-B1DD-B5E0144610C2}"
EndProject
Project("{6EC3EE1D-3C4E-46DD-8F32-0CC8E7565705}") = "Plotly.NET.ImageExport", "src\Plotly.NET.ImageExport\Plotly.NET.ImageExport.fsproj", "{6CFC629E-1A0C-4EF3-8495-BA00A356A381}"
EndProject
Project("{2150E333-8FDC-42A3-9474-1A3956D46DE8}") = "src", "src", "{0E87E47E-9EDC-4525-AF72-F0E139D54236}"
EndProject
Project("{6EC3EE1D-3C4E-46DD-8F32-0CC8E7565705}") = "build", "build\build.fsproj", "{403785C9-B5B1-4BA4-9944-A0F9D5D1B3CD}"
EndProject
Project("{9A19103F-16F7-4668-BE54-9A1E7A4F7556}") = "Plotly.NET.CSharp", "src\Plotly.NET.CSharp\Plotly.NET.CSharp.csproj", "{F944FE69-F4A5-4B48-8E4D-BE4B61E92B26}"
EndProject
Global
	GlobalSection(SolutionConfigurationPlatforms) = preSolution
		Debug|Any CPU = Debug|Any CPU
		Dotnet|Any CPU = Dotnet|Any CPU
		Release|Any CPU = Release|Any CPU
	EndGlobalSection
	GlobalSection(ProjectConfigurationPlatforms) = postSolution
		{DFAC135B-36B8-4347-B1DD-B5E0144610C2}.Debug|Any CPU.ActiveCfg = Debug|Any CPU
		{DFAC135B-36B8-4347-B1DD-B5E0144610C2}.Debug|Any CPU.Build.0 = Debug|Any CPU
		{DFAC135B-36B8-4347-B1DD-B5E0144610C2}.Dotnet|Any CPU.ActiveCfg = Dotnet|Any CPU
		{DFAC135B-36B8-4347-B1DD-B5E0144610C2}.Dotnet|Any CPU.Build.0 = Dotnet|Any CPU
		{DFAC135B-36B8-4347-B1DD-B5E0144610C2}.Release|Any CPU.ActiveCfg = Release|Any CPU
		{DFAC135B-36B8-4347-B1DD-B5E0144610C2}.Release|Any CPU.Build.0 = Release|Any CPU
		{6CFC629E-1A0C-4EF3-8495-BA00A356A381}.Debug|Any CPU.ActiveCfg = Debug|Any CPU
		{6CFC629E-1A0C-4EF3-8495-BA00A356A381}.Debug|Any CPU.Build.0 = Debug|Any CPU
		{6CFC629E-1A0C-4EF3-8495-BA00A356A381}.Dotnet|Any CPU.ActiveCfg = Debug|Any CPU
		{6CFC629E-1A0C-4EF3-8495-BA00A356A381}.Dotnet|Any CPU.Build.0 = Debug|Any CPU
		{6CFC629E-1A0C-4EF3-8495-BA00A356A381}.Release|Any CPU.ActiveCfg = Release|Any CPU
		{6CFC629E-1A0C-4EF3-8495-BA00A356A381}.Release|Any CPU.Build.0 = Release|Any CPU
		{403785C9-B5B1-4BA4-9944-A0F9D5D1B3CD}.Debug|Any CPU.ActiveCfg = Debug|Any CPU
		{403785C9-B5B1-4BA4-9944-A0F9D5D1B3CD}.Debug|Any CPU.Build.0 = Debug|Any CPU
		{403785C9-B5B1-4BA4-9944-A0F9D5D1B3CD}.Dotnet|Any CPU.ActiveCfg = Debug|Any CPU
		{403785C9-B5B1-4BA4-9944-A0F9D5D1B3CD}.Dotnet|Any CPU.Build.0 = Debug|Any CPU
		{403785C9-B5B1-4BA4-9944-A0F9D5D1B3CD}.Release|Any CPU.ActiveCfg = Release|Any CPU
		{403785C9-B5B1-4BA4-9944-A0F9D5D1B3CD}.Release|Any CPU.Build.0 = Release|Any CPU
		{F944FE69-F4A5-4B48-8E4D-BE4B61E92B26}.Debug|Any CPU.ActiveCfg = Debug|Any CPU
		{F944FE69-F4A5-4B48-8E4D-BE4B61E92B26}.Debug|Any CPU.Build.0 = Debug|Any CPU
		{F944FE69-F4A5-4B48-8E4D-BE4B61E92B26}.Dotnet|Any CPU.ActiveCfg = Debug|Any CPU
		{F944FE69-F4A5-4B48-8E4D-BE4B61E92B26}.Dotnet|Any CPU.Build.0 = Debug|Any CPU
		{F944FE69-F4A5-4B48-8E4D-BE4B61E92B26}.Release|Any CPU.ActiveCfg = Release|Any CPU
		{F944FE69-F4A5-4B48-8E4D-BE4B61E92B26}.Release|Any CPU.Build.0 = Release|Any CPU
	EndGlobalSection
	GlobalSection(SolutionProperties) = preSolution
		HideSolutionNode = FALSE
	EndGlobalSection
	GlobalSection(NestedProjects) = preSolution
		{DFAC135B-36B8-4347-B1DD-B5E0144610C2} = {0E87E47E-9EDC-4525-AF72-F0E139D54236}
		{6CFC629E-1A0C-4EF3-8495-BA00A356A381} = {0E87E47E-9EDC-4525-AF72-F0E139D54236}
		{403785C9-B5B1-4BA4-9944-A0F9D5D1B3CD} = {7C6D08E7-3EAC-4335-8F4B-252C193C27C9}
		{F944FE69-F4A5-4B48-8E4D-BE4B61E92B26} = {0E87E47E-9EDC-4525-AF72-F0E139D54236}
	EndGlobalSection
	GlobalSection(ExtensibilityGlobals) = postSolution
		SolutionGuid = {7177F1E1-341C-48AB-9864-6B525FFF7633}
	EndGlobalSection
EndGlobal
